Microsoft Visual Studio Solution File, Format Version 12.00
# Visual Studio Version 17
VisualStudioVersion = 17.5.2.0
MinimumVisualStudioVersion = 10.0.40219.1
Project("{FAE04EC0-301F-11D3-BF4B-00C04F79EFBC}") = "uds", "uds.csproj", "{B5B9FBDE-A973-24A1-FBF8-23B7E0E19B5F}"
EndProject
Global
	GlobalSection(SolutionConfigurationPlatforms) = preSolution
		Debug|Any CPU = Debug|Any CPU
		Release|Any CPU = Release|Any CPU
	EndGlobalSection
	GlobalSection(ProjectConfigurationPlatforms) = postSolution
		{B5B9FBDE-A973-24A1-FBF8-23B7E0E19B5F}.Debug|Any CPU.ActiveCfg = Debug|Any CPU
		{B5B9FBDE-A973-24A1-FBF8-23B7E0E19B5F}.Debug|Any CPU.Build.0 = Debug|Any CPU
		{B5B9FBDE-A973-24A1-FBF8-23B7E0E19B5F}.Release|Any CPU.ActiveCfg = Release|Any CPU
		{B5B9FBDE-A973-24A1-FBF8-23B7E0E19B5F}.Release|Any CPU.Build.0 = Release|Any CPU
	EndGlobalSection
	GlobalSection(SolutionProperties) = preSolution
		HideSolutionNode = FALSE
	EndGlobalSection
	GlobalSection(ExtensibilityGlobals) = postSolution
		SolutionGuid = {B0D4198A-EA11-4B0C-BAEB-9ED7D86890FB}
	EndGlobalSection
EndGlobal
